
Microsoft Visual Studio Solution File, Format Version 12.00
Project("{FAE04EC0-301F-11D3-BF4B-00C04F79EFBC}") = "MainApi", "MainApi\MainApi.csproj", "{27B7E96E-473C-4E62-99CC-775AE41BBE30}"
EndProject
Project("{2150E333-8FDC-42A3-9474-1A3956D46DE8}") = "Solution Items", "Solution Items", "{0E2C0391-66AB-42D9-91C9-375C57693AE2}"
	ProjectSection(SolutionItems) = preProject
		docker-compose.yml = docker-compose.yml
		README.md = README.md
	EndProjectSection
EndProject
Project("{FAE04EC0-301F-11D3-BF4B-00C04F79EFBC}") = "Infrastructure", "Infrastructure\Infrastructure.csproj", "{8D4D1904-A162-46AE-BC5B-5F15C45F6EF4}"
EndProject
Project("{FAE04EC0-301F-11D3-BF4B-00C04F79EFBC}") = "LogicLayer", "LogicLayer\LogicLayer.csproj", "{1CD85F8C-8953-4490-9446-8B92D41FA1A6}"
EndProject
Project("{FAE04EC0-301F-11D3-BF4B-00C04F79EFBC}") = "BackgroundProcesses", "BackgroundProcesses\BackgroundProcesses.csproj", "{521D3259-7699-4E2F-A97C-6F66E86DC409}"
EndProject
Project("{FAE04EC0-301F-11D3-BF4B-00C04F79EFBC}") = "MainApi.Tests", "MainApi.Tests\MainApi.Tests.csproj", "{CDA0D382-ED68-4FCC-AF03-BD86729FD9AE}"
EndProject
Project("{FAE04EC0-301F-11D3-BF4B-00C04F79EFBC}") = "LogicLayer.Tests", "LogicLayer.Tests\LogicLayer.Tests.csproj", "{01589B83-2D00-41D8-8557-1421520D73E3}"
EndProject
Project("{FAE04EC0-301F-11D3-BF4B-00C04F79EFBC}") = "Repositories", "Repositories\Repositories.csproj", "{A337ED76-E9C9-4FB0-9E98-0E518652C4E4}"
EndProject
Project("{2150E333-8FDC-42A3-9474-1A3956D46DE8}") = "Tests", "Tests", "{33B52A0B-FCEF-4EC7-B5CB-5A2743A60AF9}"
EndProject
Global
	GlobalSection(SolutionConfigurationPlatforms) = preSolution
		Debug|Any CPU = Debug|Any CPU
		Release|Any CPU = Release|Any CPU
	EndGlobalSection
	GlobalSection(ProjectConfigurationPlatforms) = postSolution
		{27B7E96E-473C-4E62-99CC-775AE41BBE30}.Debug|Any CPU.ActiveCfg = Debug|Any CPU
		{27B7E96E-473C-4E62-99CC-775AE41BBE30}.Debug|Any CPU.Build.0 = Debug|Any CPU
		{27B7E96E-473C-4E62-99CC-775AE41BBE30}.Release|Any CPU.ActiveCfg = Release|Any CPU
		{27B7E96E-473C-4E62-99CC-775AE41BBE30}.Release|Any CPU.Build.0 = Release|Any CPU
		{8D4D1904-A162-46AE-BC5B-5F15C45F6EF4}.Debug|Any CPU.ActiveCfg = Debug|Any CPU
		{8D4D1904-A162-46AE-BC5B-5F15C45F6EF4}.Debug|Any CPU.Build.0 = Debug|Any CPU
		{8D4D1904-A162-46AE-BC5B-5F15C45F6EF4}.Release|Any CPU.ActiveCfg = Release|Any CPU
		{8D4D1904-A162-46AE-BC5B-5F15C45F6EF4}.Release|Any CPU.Build.0 = Release|Any CPU
		{1CD85F8C-8953-4490-9446-8B92D41FA1A6}.Debug|Any CPU.ActiveCfg = Debug|Any CPU
		{1CD85F8C-8953-4490-9446-8B92D41FA1A6}.Debug|Any CPU.Build.0 = Debug|Any CPU
		{1CD85F8C-8953-4490-9446-8B92D41FA1A6}.Release|Any CPU.ActiveCfg = Release|Any CPU
		{1CD85F8C-8953-4490-9446-8B92D41FA1A6}.Release|Any CPU.Build.0 = Release|Any CPU
		{521D3259-7699-4E2F-A97C-6F66E86DC409}.Debug|Any CPU.ActiveCfg = Debug|Any CPU
		{521D3259-7699-4E2F-A97C-6F66E86DC409}.Debug|Any CPU.Build.0 = Debug|Any CPU
		{521D3259-7699-4E2F-A97C-6F66E86DC409}.Release|Any CPU.ActiveCfg = Release|Any CPU
		{521D3259-7699-4E2F-A97C-6F66E86DC409}.Release|Any CPU.Build.0 = Release|Any CPU
		{CDA0D382-ED68-4FCC-AF03-BD86729FD9AE}.Debug|Any CPU.ActiveCfg = Debug|Any CPU
		{CDA0D382-ED68-4FCC-AF03-BD86729FD9AE}.Debug|Any CPU.Build.0 = Debug|Any CPU
		{CDA0D382-ED68-4FCC-AF03-BD86729FD9AE}.Release|Any CPU.ActiveCfg = Release|Any CPU
		{CDA0D382-ED68-4FCC-AF03-BD86729FD9AE}.Release|Any CPU.Build.0 = Release|Any CPU
		{01589B83-2D00-41D8-8557-1421520D73E3}.Debug|Any CPU.ActiveCfg = Debug|Any CPU
		{01589B83-2D00-41D8-8557-1421520D73E3}.Debug|Any CPU.Build.0 = Debug|Any CPU
		{01589B83-2D00-41D8-8557-1421520D73E3}.Release|Any CPU.ActiveCfg = Release|Any CPU
		{01589B83-2D00-41D8-8557-1421520D73E3}.Release|Any CPU.Build.0 = Release|Any CPU
		{A337ED76-E9C9-4FB0-9E98-0E518652C4E4}.Debug|Any CPU.ActiveCfg = Debug|Any CPU
		{A337ED76-E9C9-4FB0-9E98-0E518652C4E4}.Debug|Any CPU.Build.0 = Debug|Any CPU
		{A337ED76-E9C9-4FB0-9E98-0E518652C4E4}.Release|Any CPU.ActiveCfg = Release|Any CPU
		{A337ED76-E9C9-4FB0-9E98-0E518652C4E4}.Release|Any CPU.Build.0 = Release|Any CPU
	EndGlobalSection
	GlobalSection(NestedProjects) = preSolution
		{CDA0D382-ED68-4FCC-AF03-BD86729FD9AE} = {33B52A0B-FCEF-4EC7-B5CB-5A2743A60AF9}
		{01589B83-2D00-41D8-8557-1421520D73E3} = {33B52A0B-FCEF-4EC7-B5CB-5A2743A60AF9}
	EndGlobalSection
EndGlobal
